PODS:
  - Alamofire (1.2.2)
  - Bond (3.7.4)
  - EasyIOS-Swift (1.0.0):
    - Alamofire
    - Bond
    - HanekeSwift
    - Kingfisher
    - ObjectMapper
    - SnapKit
    - TTTAttributedLabel
  - HanekeSwift (0.9.1)
  - Kingfisher (1.4.1)
  - ObjectMapper (0.12)
  - SnapKit (0.12.0)
  - TTTAttributedLabel (1.13.3)

DEPENDENCIES:
  - Alamofire (~> 1.2.2)
  - EasyIOS-Swift
  - SnapKit (~> 0.12.0)

SPEC CHECKSUMS:
  Alamofire: 11a6022f5089887d92ffb5a3014c97a0a915ab98
  Bond: f21b0fb5fe54fd36e2732d1b7e3c51ded0a47cb7
  EasyIOS-Swift: 670a91dd0607761a179f268fa5f4d304b6870478
  HanekeSwift: 50d37bfbc4432edc649167e538c259feccb4a2bb
  Kingfisher: 962a21cdc2a7b0fa63be3b2c45ea6f180feda535
  ObjectMapper: ef4a369cbab75546029ceb7e8155772b5f8e8841
  SnapKit: 00c388aa3bf1944c1b55472f31e841f75bd83882
  TTTAttributedLabel: 6f3174aef8e738f44dff97c2eb7d8184f6ab6277

COCOAPODS: 0.37.2
