// !$*UTF8*$!
{
	archiveVersion = 1;
	classes = {
	};
	objectVersion = 46;
	objects = {

/* Begin PBXBuildFile section */
		88FB33741B1D98CB004A4174 /* AppDelegate.swift in Sources */ = {isa = PBXBuildFile; fileRef = 88FB33731B1D98CB004A4174 /* AppDelegate.swift */; };
		88FB33761B1D98CB004A4174 /* ViewController.swift in Sources */ = {isa = PBXBuildFile; fileRef = 88FB33751B1D98CB004A4174 /* ViewController.swift */; };
		88FB33791B1D98CB004A4174 /* Main.storyboard in Resources */ = {isa = PBXBuildFile; fileRef = 88FB33771B1D98CB004A4174 /* Main.storyboard */; };
		88FB337B1B1D98CB004A4174 /* Images.xcassets in Resources */ = {isa = PBXBuildFile; fileRef = 88FB337A1B1D98CB004A4174 /* Images.xcassets */; };
		88FB337E1B1D98CB004A4174 /* LaunchScreen.xib in Resources */ = {isa = PBXBuildFile; fileRef = 88FB337C1B1D98CB004A4174 /* LaunchScreen.xib */; };
		88FB338A1B1D98CB004A4174 /* DemoOfSnapKitTests.swift in Sources */ = {isa = PBXBuildFile; fileRef = 88FB33891B1D98CB004A4174 /* DemoOfSnapKitTests.swift */; };
/* End PBXBuildFile section */

/* Begin PBXContainerItemProxy section */
		88FB33841B1D98CB004A4174 /* PBXContainerItemProxy */ = {
			isa = PBXContainerItemProxy;
			containerPortal = 88FB33661B1D98CB004A4174 /* Project object */;
			proxyType = 1;
			remoteGlobalIDString = 88FB336D1B1D98CB004A4174;
			remoteInfo = DemoOfSnapKit;
		};
/* End PBXContainerItemProxy section */

/* Begin PBXFileReference section */
		88FB336E1B1D98CB004A4174 /* DemoOfSnapKit.app */ = {isa = PBXFileReference; explicitFileType = wrapper.application; includeInIndex = 0; path = DemoOfSnapKit.app; sourceTree = BUILT_PRODUCTS_DIR; };
		88FB33721B1D98CB004A4174 /* Info.plist */ = {isa = PBXFileReference; lastKnownFileType = text.plist.xml; path = Info.plist; sourceTree = "<group>"; };
		88FB33731B1D98CB004A4174 /* AppDelegate.swift */ = {isa = PBXFileReference; lastKnownFileType = sourcecode.swift; path = AppDelegate.swift; sourceTree = "<group>"; };
		88FB33751B1D98CB004A4174 /* ViewController.swift */ = {isa = PBXFileReference; lastKnownFileType = sourcecode.swift; path = ViewController.swift; sourceTree = "<group>"; };
		88FB33781B1D98CB004A4174 /* Base */ = {isa = PBXFileReference; lastKnownFileType = file.storyboard; name = Base; path = Base.lproj/Main.storyboard; sourceTree = "<group>"; };
		88FB337A1B1D98CB004A4174 /* Images.xcassets */ = {isa = PBXFileReference; lastKnownFileType = folder.assetcatalog; path = Images.xcassets; sourceTree = "<group>"; };
		88FB337D1B1D98CB004A4174 /* Base */ = {isa = PBXFileReference; lastKnownFileType = file.xib; name = Base; path = Base.lproj/LaunchScreen.xib; sourceTree = "<group>"; };
		88FB33831B1D98CB004A4174 /* DemoOfSnapKitTests.xctest */ = {isa = PBXFileReference; explicitFileType = wrapper.cfbundle; includeInIndex = 0; path = DemoOfSnapKitTests.xctest; sourceTree = BUILT_PRODUCTS_DIR; };
		88FB33881B1D98CB004A4174 /* Info.plist */ = {isa = PBXFileReference; lastKnownFileType = text.plist.xml; path = Info.plist; sourceTree = "<group>"; };
		88FB33891B1D98CB004A4174 /* DemoOfSnapKitTests.swift */ = {isa = PBXFileReference; lastKnownFileType = sourcecode.swift; path = DemoOfSnapKitTests.swift; sourceTree = "<group>"; };
/* End PBXFileReference section */

/* Begin PBXFrameworksBuildPhase section */
		88FB336B1B1D98CB004A4174 /* Frameworks */ = {
			isa = PBXFrameworksBuildPhase;
			buildActionMask = 2147483647;
			files = (
			);
			runOnlyForDeploymentPostprocessing = 0;
		};
		88FB33801B1D98CB004A4174 /* Frameworks */ = {
			isa = PBXFrameworksBuildPhase;
			buildActionMask = 2147483647;
			files = (
			);
			runOnlyForDeploymentPostprocessing = 0;
		};
/* End PBXFrameworksBuildPhase section */

/* Begin PBXGroup section */
		88FB33651B1D98CB004A4174 = {
			isa = PBXGroup;
			children = (
				88FB33701B1D98CB004A4174 /* DemoOfSnapKit */,
				88FB33861B1D98CB004A4174 /* DemoOfSnapKitTests */,
				88FB336F1B1D98CB004A4174 /* Products */,
			);
			sourceTree = "<group>";
		};
		88FB336F1B1D98CB004A4174 /* Products */ = {
			isa = PBXGroup;
			children = (
				88FB336E1B1D98CB004A4174 /* DemoOfSnapKit.app */,
				88FB33831B1D98CB004A4174 /* DemoOfSnapKitTests.xctest */,
			);
			name = Products;
			sourceTree = "<group>";
		};
		88FB33701B1D98CB004A4174 /* DemoOfSnapKit */ = {
			isa = PBXGroup;
			children = (
				88FB33731B1D98CB004A4174 /* AppDelegate.swift */,
				88FB33751B1D98CB004A4174 /* ViewController.swift */,
				88FB33771B1D98CB004A4174 /* Main.storyboard */,
				88FB337A1B1D98CB004A4174 /* Images.xcassets */,
				88FB337C1B1D98CB004A4174 /* LaunchScreen.xib */,
				88FB33711B1D98CB004A4174 /* Supporting Files */,
			);
			path = DemoOfSnapKit;
			sourceTree = "<group>";
		};
		88FB33711B1D98CB004A4174 /* Supporting Files */ = {
			isa = PBXGroup;
			children = (
				88FB33721B1D98CB004A4174 /* Info.plist */,
			);
			name = "Supporting Files";
			sourceTree = "<group>";
		};
		88FB33861B1D98CB004A4174 /* DemoOfSnapKitTests */ = {
			isa = PBXGroup;
			children = (
				88FB33891B1D98CB004A4174 /* DemoOfSnapKitTests.swift */,
				88FB33871B1D98CB004A4174 /* Supporting Files */,
			);
			path = DemoOfSnapKitTests;
			sourceTree = "<group>";
		};
		88FB33871B1D98CB004A4174 /* Supporting Files */ = {
			isa = PBXGroup;
			children = (
				88FB33881B1D98CB004A4174 /* Info.plist */,
			);
			name = "Supporting Files";
			sourceTree = "<group>";
		};
/* End PBXGroup section */

/* Begin PBXNativeTarget section */
		88FB336D1B1D98CB004A4174 /* DemoOfSnapKit */ = {
			isa = PBXNativeTarget;
			buildConfigurationList = 88FB338D1B1D98CB004A4174 /* Build configuration list for PBXNativeTarget "DemoOfSnapKit" */;
			buildPhases = (
				88FB336A1B1D98CB004A4174 /* Sources */,
				88FB336B1B1D98CB004A4174 /* Frameworks */,
				88FB336C1B1D98CB004A4174 /* Resources */,
			);
			buildRules = (
			);
			dependencies = (
			);
			name = DemoOfSnapKit;
			productName = DemoOfSnapKit;
			productReference = 88FB336E1B1D98CB004A4174 /* DemoOfSnapKit.app */;
			productType = "com.apple.product-type.application";
		};
		88FB33821B1D98CB004A4174 /* DemoOfSnapKitTests */ = {
			isa = PBXNativeTarget;
			buildConfigurationList = 88FB33901B1D98CB004A4174 /* Build configuration list for PBXNativeTarget "DemoOfSnapKitTests" */;
			buildPhases = (
				88FB337F1B1D98CB004A4174 /* Sources */,
				88FB33801B1D98CB004A4174 /* Frameworks */,
				88FB33811B1D98CB004A4174 /* Resources */,
			);
			buildRules = (
			);
			dependencies = (
				88FB33851B1D98CB004A4174 /* PBXTargetDependency */,
			);
			name = DemoOfSnapKitTests;
			productName = DemoOfSnapKitTests;
			productReference = 88FB33831B1D98CB004A4174 /* DemoOfSnapKitTests.xctest */;
			productType = "com.apple.product-type.bundle.unit-test";
		};
/* End PBXNativeTarget section */

/* Begin PBXProject section */
		88FB33661B1D98CB004A4174 /* Project object */ = {
			isa = PBXProject;
			attributes = {
				LastUpgradeCheck = 0630;
				ORGANIZATIONNAME = "touch-spring";
				TargetAttributes = {
					88FB336D1B1D98CB004A4174 = {
						CreatedOnToolsVersion = 6.3.1;
					};
					88FB33821B1D98CB004A4174 = {
						CreatedOnToolsVersion = 6.3.1;
						TestTargetID = 88FB336D1B1D98CB004A4174;
					};
				};
			};
			buildConfigurationList = 88FB33691B1D98CB004A4174 /* Build configuration list for PBXProject "DemoOfSnapKit" */;
			compatibilityVersion = "Xcode 3.2";
			developmentRegion = English;
			hasScannedForEncodings = 0;
			knownRegions = (
				en,
				Base,
			);
			mainGroup = 88FB33651B1D98CB004A4174;
			productRefGroup = 88FB336F1B1D98CB004A4174 /* Products */;
			projectDirPath = "";
			projectRoot = "";
			targets = (
				88FB336D1B1D98CB004A4174 /* DemoOfSnapKit */,
				88FB33821B1D98CB004A4174 /* DemoOfSnapKitTests */,
			);
		};
/* End PBXProject section */

/* Begin PBXResourcesBuildPhase section */
		88FB336C1B1D98CB004A4174 /* Resources */ = {
			isa = PBXResourcesBuildPhase;
			buildActionMask = 2147483647;
			files = (
				88FB33791B1D98CB004A4174 /* Main.storyboard in Resources */,
				88FB337E1B1D98CB004A4174 /* LaunchScreen.xib in Resources */,
				88FB337B1B1D98CB004A4174 /* Images.xcassets in Resources */,
			);
			runOnlyForDeploymentPostprocessing = 0;
		};
		88FB33811B1D98CB004A4174 /* Resources */ = {
			isa = PBXResourcesBuildPhase;
			buildActionMask = 2147483647;
			files = (
			);
			runOnlyForDeploymentPostprocessing = 0;
		};
/* End PBXResourcesBuildPhase section */

/* Begin PBXSourcesBuildPhase section */
		88FB336A1B1D98CB004A4174 /* Sources */ = {
			isa = PBXSourcesBuildPhase;
			buildActionMask = 2147483647;
			files = (
				88FB33761B1D98CB004A4174 /* ViewController.swift in Sources */,
				88FB33741B1D98CB004A4174 /* AppDelegate.swift in Sources */,
			);
			runOnlyForDeploymentPostprocessing = 0;
		};
		88FB337F1B1D98CB004A4174 /* Sources */ = {
			isa = PBXSourcesBuildPhase;
			buildActionMask = 2147483647;
			files = (
				88FB338A1B1D98CB004A4174 /* DemoOfSnapKitTests.swift in Sources */,
			);
			runOnlyForDeploymentPostprocessing = 0;
		};
/* End PBXSourcesBuildPhase section */

/* Begin PBXTargetDependency section */
		88FB33851B1D98CB004A4174 /* PBXTargetDependency */ = {
			isa = PBXTargetDependency;
			target = 88FB336D1B1D98CB004A4174 /* DemoOfSnapKit */;
			targetProxy = 88FB33841B1D98CB004A4174 /* PBXContainerItemProxy */;
		};
/* End PBXTargetDependency section */

/* Begin PBXVariantGroup section */
		88FB33771B1D98CB004A4174 /* Main.storyboard */ = {
			isa = PBXVariantGroup;
			children = (
				88FB33781B1D98CB004A4174 /* Base */,
			);
			name = Main.storyboard;
			sourceTree = "<group>";
		};
		88FB337C1B1D98CB004A4174 /* LaunchScreen.xib */ = {
			isa = PBXVariantGroup;
			children = (
				88FB337D1B1D98CB004A4174 /* Base */,
			);
			name = LaunchScreen.xib;
			sourceTree = "<group>";
		};
/* End PBXVariantGroup section */

/* Begin XCBuildConfiguration section */
		88FB338B1B1D98CB004A4174 /* Debug */ = {
			isa = XCBuildConfiguration;
			buildSettings = {
				ALWAYS_SEARCH_USER_PATHS = NO;
				CLANG_CXX_LANGUAGE_STANDARD = "gnu++0x";
				CLANG_CXX_LIBRARY = "libc++";
				CLANG_ENABLE_MODULES = YES;
				CLANG_ENABLE_OBJC_ARC = YES;
				CLANG_WARN_BOOL_CONVERSION = YES;
				CLANG_WARN_CONSTANT_CONVERSION = YES;
				CLANG_WARN_DIRECT_OBJC_ISA_USAGE = YES_ERROR;
				CLANG_WARN_EMPTY_BODY = YES;
				CLANG_WARN_ENUM_CONVERSION = YES;
				CLANG_WARN_INT_CONVERSION = YES;
				CLANG_WARN_OBJC_ROOT_CLASS = YES_ERROR;
				CLANG_WARN_UNREACHABLE_CODE = YES;
				CLANG_WARN__DUPLICATE_METHOD_MATCH = YES;
				"CODE_SIGN_IDENTITY[sdk=iphoneos*]" = "iPhone Developer";
				COPY_PHASE_STRIP = NO;
				DEBUG_INFORMATION_FORMAT = "dwarf-with-dsym";
				ENABLE_STRICT_OBJC_MSGSEND = YES;
				GCC_C_LANGUAGE_STANDARD = gnu99;
				GCC_DYNAMIC_NO_PIC = NO;
				GCC_NO_COMMON_BLOCKS = YES;
				GCC_OPTIMIZATION_LEVEL = 0;
				GCC_PREPROCESSOR_DEFINITIONS = (
					"DEBUG=1",
					"$(inherited)",
				);
				GCC_SYMBOLS_PRIVATE_EXTERN = NO;
				GCC_WARN_64_TO_32_BIT_CONVERSION = YES;
				GCC_WARN_ABOUT_RETURN_TYPE = YES_ERROR;
				GCC_WARN_UNDECLARED_SELECTOR = YES;
				GCC_WARN_UNINITIALIZED_AUTOS = YES_AGGRESSIVE;
				GCC_WARN_UNUSED_FUNCTION = YES;
				GCC_WARN_UNUSED_VARIABLE = YES;
				IPHONEOS_DEPLOYMENT_TARGET = 8.3;
				MTL_ENABLE_DEBUG_INFO = YES;
				ONLY_ACTIVE_ARCH = YES;
				SDKROOT = iphoneos;
				SWIFT_OPTIMIZATION_LEVEL = "-Onone";
			};
			name = Debug;
		};
		88FB338C1B1D98CB004A4174 /* Release */ = {
			isa = XCBuildConfiguration;
			buildSettings = {
				ALWAYS_SEARCH_USER_PATHS = NO;
				CLANG_CXX_LANGUAGE_STANDARD = "gnu++0x";
				CLANG_CXX_LIBRARY = "libc++";
				CLANG_ENABLE_MODULES = YES;
				CLANG_ENABLE_OBJC_ARC = YES;
				CLANG_WARN_BOOL_CONVERSION = YES;
				CLANG_WARN_CONSTANT_CONVERSION = YES;
				CLANG_WARN_DIRECT_OBJC_ISA_USAGE = YES_ERROR;
				CLANG_WARN_EMPTY_BODY = YES;
				CLANG_WARN_ENUM_CONVERSION = YES;
				CLANG_WARN_INT_CONVERSION = YES;
				CLANG_WARN_OBJC_ROOT_CLASS = YES_ERROR;
				CLANG_WARN_UNREACHABLE_CODE = YES;
				CLANG_WARN__DUPLICATE_METHOD_MATCH = YES;
				"CODE_SIGN_IDENTITY[sdk=iphoneos*]" = "iPhone Developer";
				COPY_PHASE_STRIP = NO;
				DEBUG_INFORMATION_FORMAT = "dwarf-with-dsym";
				ENABLE_NS_ASSERTIONS = NO;
				ENABLE_STRICT_OBJC_MSGSEND = YES;
				GCC_C_LANGUAGE_STANDARD = gnu99;
				GCC_NO_COMMON_BLOCKS = YES;
				GCC_WARN_64_TO_32_BIT_CONVERSION = YES;
				GCC_WARN_ABOUT_RETURN_TYPE = YES_ERROR;
				GCC_WARN_UNDECLARED_SELECTOR = YES;
				GCC_WARN_UNINITIALIZED_AUTOS = YES_AGGRESSIVE;
				GCC_WARN_UNUSED_FUNCTION = YES;
				GCC_WARN_UNUSED_VARIABLE = YES;
				IPHONEOS_DEPLOYMENT_TARGET = 8.3;
				MTL_ENABLE_DEBUG_INFO = NO;
				SDKROOT = iphoneos;
				VALIDATE_PRODUCT = YES;
			};
			name = Release;
		};
		88FB338E1B1D98CB004A4174 /* Debug */ = {
			isa = XCBuildConfiguration;
			buildSettings = {
				ASSETCATALOG_COMPILER_APPICON_NAME = AppIcon;
				INFOPLIST_FILE = DemoOfSnapKit/Info.plist;
				LD_RUNPATH_SEARCH_PATHS = "$(inherited) @executable_path/Frameworks";
				PRODUCT_NAME = "$(TARGET_NAME)";
			};
			name = Debug;
		};
		88FB338F1B1D98CB004A4174 /* Release */ = {
			isa = XCBuildConfiguration;
			buildSettings = {
				ASSETCATALOG_COMPILER_APPICON_NAME = AppIcon;
				INFOPLIST_FILE = DemoOfSnapKit/Info.plist;
				LD_RUNPATH_SEARCH_PATHS = "$(inherited) @executable_path/Frameworks";
				PRODUCT_NAME = "$(TARGET_NAME)";
			};
			name = Release;
		};
		88FB33911B1D98CB004A4174 /* Debug */ = {
			isa = XCBuildConfiguration;
			buildSettings = {
				BUNDLE_LOADER = "$(TEST_HOST)";
				FRAMEWORK_SEARCH_PATHS = (
					"$(SDKROOT)/Developer/Library/Frameworks",
					"$(inherited)",
				);
				GCC_PREPROCESSOR_DEFINITIONS = (
					"DEBUG=1",
					"$(inherited)",
				);
				INFOPLIST_FILE = DemoOfSnapKitTests/Info.plist;
				LD_RUNPATH_SEARCH_PATHS = "$(inherited) @executable_path/Frameworks @loader_path/Frameworks";
				PRODUCT_NAME = "$(TARGET_NAME)";
				TEST_HOST = "$(BUILT_PRODUCTS_DIR)/DemoOfSnapKit.app/DemoOfSnapKit";
			};
			name = Debug;
		};
		88FB33921B1D98CB004A4174 /* Release */ = {
			isa = XCBuildConfiguration;
			buildSettings = {
				BUNDLE_LOADER = "$(TEST_HOST)";
				FRAMEWORK_SEARCH_PATHS = (
					"$(SDKROOT)/Developer/Library/Frameworks",
					"$(inherited)",
				);
				INFOPLIST_FILE = DemoOfSnapKitTests/Info.plist;
				LD_RUNPATH_SEARCH_PATHS = "$(inherited) @executable_path/Frameworks @loader_path/Frameworks";
				PRODUCT_NAME = "$(TARGET_NAME)";
				TEST_HOST = "$(BUILT_PRODUCTS_DIR)/DemoOfSnapKit.app/DemoOfSnapKit";
			};
			name = Release;
		};
/* End XCBuildConfiguration section */

/* Begin XCConfigurationList section */
		88FB33691B1D98CB004A4174 /* Build configuration list for PBXProject "DemoOfSnapKit" */ = {
			isa = XCConfigurationList;
			buildConfigurations = (
				88FB338B1B1D98CB004A4174 /* Debug */,
				88FB338C1B1D98CB004A4174 /* Release */,
			);
			defaultConfigurationIsVisible = 0;
			defaultConfigurationName = Release;
		};
		88FB338D1B1D98CB004A4174 /* Build configuration list for PBXNativeTarget "DemoOfSnapKit" */ = {
			isa = XCConfigurationList;
			buildConfigurations = (
				88FB338E1B1D98CB004A4174 /* Debug */,
				88FB338F1B1D98CB004A4174 /* Release */,
			);
			defaultConfigurationIsVisible = 0;
		};
		88FB33901B1D98CB004A4174 /* Build configuration list for PBXNativeTarget "DemoOfSnapKitTests" */ = {
			isa = XCConfigurationList;
			buildConfigurations = (
				88FB33911B1D98CB004A4174 /* Debug */,
				88FB33921B1D98CB004A4174 /* Release */,
			);
			defaultConfigurationIsVisible = 0;
		};
/* End XCConfigurationList section */
	};
	rootObject = 88FB33661B1D98CB004A4174 /* Project object */;
}
